
Microsoft Visual Studio Solution File, Format Version 12.00
# Visual Studio Version 16
VisualStudioVersion = 16.0.30717.126
MinimumVisualStudioVersion = 10.0.40219.1
Project("{FAE04EC0-301F-11D3-BF4B-00C04F79EFBC}") = "MPXJUI", "MPXJUI.csproj", "{DD3337E0-125F-4A0B-9B66-69C399F480B9}"
EndProject
Global
	GlobalSection(SolutionConfigurationPlatforms) = preSolution
		Debug|Any CPU = Debug|Any CPU
		Release|Any CPU = Release|Any CPU
	EndGlobalSection
	GlobalSection(ProjectConfigurationPlatforms) = postSolution
		{DD3337E0-125F-4A0B-9B66-69C399F480B9}.Debug|Any CPU.ActiveCfg = Debug|Any CPU
		{DD3337E0-125F-4A0B-9B66-69C399F480B9}.Debug|Any CPU.Build.0 = Debug|Any CPU
		{DD3337E0-125F-4A0B-9B66-69C399F480B9}.Release|Any CPU.ActiveCfg = Release|Any CPU
		{DD3337E0-125F-4A0B-9B66-69C399F480B9}.Release|Any CPU.Build.0 = Release|Any CPU
	EndGlobalSection
	GlobalSection(SolutionProperties) = preSolution
		HideSolutionNode = FALSE
	EndGlobalSection
	GlobalSection(ExtensibilityGlobals) = postSolution
		SolutionGuid = {D5AFB39D-45EE-477A-8412-69F2DCDAB337}
	EndGlobalSection
EndGlobal
